
Microsoft Visual Studio Solution File, Format Version 12.00
# Visual Studio 2015
Project("{FAE04EC0-301F-11D3-BF4B-00C04F79EFBC}") = "holoatelier.CSharp", "holoatelier.CSharp.csproj", "{8995554C-8089-D10A-51A2-94642832A8B4}"
EndProject
Project("{FAE04EC0-301F-11D3-BF4B-00C04F79EFBC}") = "holoatelier.CSharp.Editor", "holoatelier.CSharp.Editor.csproj", "{EC126D7A-3732-07BD-6908-9FCFB3179D55}"
EndProject
Global
	GlobalSection(SolutionConfigurationPlatforms) = preSolution
		Debug|Any CPU = Debug|Any CPU
		Release|Any CPU = Release|Any CPU
	EndGlobalSection
	GlobalSection(ProjectConfigurationPlatforms) = postSolution
		{8995554C-8089-D10A-51A2-94642832A8B4}.Debug|Any CPU.ActiveCfg = Debug|Any CPU
		{8995554C-8089-D10A-51A2-94642832A8B4}.Debug|Any CPU.Build.0 = Debug|Any CPU
		{8995554C-8089-D10A-51A2-94642832A8B4}.Release|Any CPU.ActiveCfg = Release|Any CPU
		{8995554C-8089-D10A-51A2-94642832A8B4}.Release|Any CPU.Build.0 = Release|Any CPU
		{EC126D7A-3732-07BD-6908-9FCFB3179D55}.Debug|Any CPU.ActiveCfg = Debug|Any CPU
		{EC126D7A-3732-07BD-6908-9FCFB3179D55}.Debug|Any CPU.Build.0 = Debug|Any CPU
		{EC126D7A-3732-07BD-6908-9FCFB3179D55}.Release|Any CPU.ActiveCfg = Release|Any CPU
		{EC126D7A-3732-07BD-6908-9FCFB3179D55}.Release|Any CPU.Build.0 = Release|Any CPU
	EndGlobalSection
	GlobalSection(SolutionProperties) = preSolution
		HideSolutionNode = FALSE
	EndGlobalSection
EndGlobal
